
Microsoft Visual Studio Solution File, Format Version 11.00
# Visual Studio 2010
Project("{2150E333-8FDC-42A3-9474-1A3956D46DE8}") = "Solution Items", "Solution Items", "{8C7DB2C0-0669-4CD8-8A91-343AB13D5B79}"
	ProjectSection(SolutionItems) = preProject
		.gitignore = .gitignore
		History.txt = History.txt
		License.txt = License.txt
		ReadMe.txt = ReadMe.txt
	EndProjectSection
EndProject
Project("{8BC9CEB8-8B4A-11D0-8D11-00A0C91BC942}") = "test_ndx", "test_ndx\test_ndx.vcxproj", "{5238975B-DE47-4562-B4D5-FAB380392167}"
EndProject
Project("{8BC9CEB8-8B4A-11D0-8D11-00A0C91BC942}") = "nub", "nub.vcxproj", "{523C90C2-0068-4BE0-B618-BB7F70698E53}"
EndProject
Project("{8BC9CEB8-8B4A-11D0-8D11-00A0C91BC942}") = "test_res", "test_res\test_res.vcxproj", "{189F18A0-D20C-49CD-A252-5152D3FA73B4}"
EndProject
Project("{8BC9CEB8-8B4A-11D0-8D11-00A0C91BC942}") = "nubcs", "..\nubcs\nubcs.vcxproj", "{073052EB-9C86-40E9-A634-1E64CC348FEA}"
EndProject
Project("{8BC9CEB8-8B4A-11D0-8D11-00A0C91BC942}") = "nubcsPS", "..\nubcs\nubcsPS.vcxproj", "{FEE40E1E-5CAF-473E-80BE-071EB5D24421}"
	ProjectSection(ProjectDependencies) = postProject
		{073052EB-9C86-40E9-A634-1E64CC348FEA} = {073052EB-9C86-40E9-A634-1E64CC348FEA}
	EndProjectSection
EndProject
Project("{8BC9CEB8-8B4A-11D0-8D11-00A0C91BC942}") = "test_gen1000x16", "test_gen1000x16\test_gen1000x16.vcxproj", "{23396BAC-B822-4F1A-A58C-12FB333A7BDB}"
EndProject
Global
	GlobalSection(SolutionConfigurationPlatforms) = preSolution
		Debug|Any CPU = Debug|Any CPU
		Debug|Mixed Platforms = Debug|Mixed Platforms
		Debug|Win32 = Debug|Win32
		Release|Any CPU = Release|Any CPU
		Release|Mixed Platforms = Release|Mixed Platforms
		Release|Win32 = Release|Win32
	EndGlobalSection
	GlobalSection(ProjectConfigurationPlatforms) = postSolution
		{5238975B-DE47-4562-B4D5-FAB380392167}.Debug|Any CPU.ActiveCfg = Debug|Win32
		{5238975B-DE47-4562-B4D5-FAB380392167}.Debug|Mixed Platforms.ActiveCfg = Debug|Win32
		{5238975B-DE47-4562-B4D5-FAB380392167}.Debug|Mixed Platforms.Build.0 = Debug|Win32
		{5238975B-DE47-4562-B4D5-FAB380392167}.Debug|Win32.ActiveCfg = Debug|Win32
		{5238975B-DE47-4562-B4D5-FAB380392167}.Debug|Win32.Build.0 = Debug|Win32
		{5238975B-DE47-4562-B4D5-FAB380392167}.Release|Any CPU.ActiveCfg = Release|Win32
		{5238975B-DE47-4562-B4D5-FAB380392167}.Release|Mixed Platforms.ActiveCfg = Release|Win32
		{5238975B-DE47-4562-B4D5-FAB380392167}.Release|Mixed Platforms.Build.0 = Release|Win32
		{5238975B-DE47-4562-B4D5-FAB380392167}.Release|Win32.ActiveCfg = Release|Win32
		{5238975B-DE47-4562-B4D5-FAB380392167}.Release|Win32.Build.0 = Release|Win32
		{523C90C2-0068-4BE0-B618-BB7F70698E53}.Debug|Any CPU.ActiveCfg = Debug|Win32
		{523C90C2-0068-4BE0-B618-BB7F70698E53}.Debug|Mixed Platforms.ActiveCfg = Debug|Win32
		{523C90C2-0068-4BE0-B618-BB7F70698E53}.Debug|Mixed Platforms.Build.0 = Debug|Win32
		{523C90C2-0068-4BE0-B618-BB7F70698E53}.Debug|Win32.ActiveCfg = Debug|Win32
		{523C90C2-0068-4BE0-B618-BB7F70698E53}.Debug|Win32.Build.0 = Debug|Win32
		{523C90C2-0068-4BE0-B618-BB7F70698E53}.Release|Any CPU.ActiveCfg = Release|Win32
		{523C90C2-0068-4BE0-B618-BB7F70698E53}.Release|Mixed Platforms.ActiveCfg = Release|Win32
		{523C90C2-0068-4BE0-B618-BB7F70698E53}.Release|Mixed Platforms.Build.0 = Release|Win32
		{523C90C2-0068-4BE0-B618-BB7F70698E53}.Release|Win32.ActiveCfg = Release|Win32
		{523C90C2-0068-4BE0-B618-BB7F70698E53}.Release|Win32.Build.0 = Release|Win32
		{189F18A0-D20C-49CD-A252-5152D3FA73B4}.Debug|Any CPU.ActiveCfg = Debug|Win32
		{189F18A0-D20C-49CD-A252-5152D3FA73B4}.Debug|Mixed Platforms.ActiveCfg = Debug|Win32
		{189F18A0-D20C-49CD-A252-5152D3FA73B4}.Debug|Mixed Platforms.Build.0 = Debug|Win32
		{189F18A0-D20C-49CD-A252-5152D3FA73B4}.Debug|Win32.ActiveCfg = Debug|Win32
		{189F18A0-D20C-49CD-A252-5152D3FA73B4}.Debug|Win32.Build.0 = Debug|Win32
		{189F18A0-D20C-49CD-A252-5152D3FA73B4}.Release|Any CPU.ActiveCfg = Release|Win32
		{189F18A0-D20C-49CD-A252-5152D3FA73B4}.Release|Mixed Platforms.ActiveCfg = Release|Win32
		{189F18A0-D20C-49CD-A252-5152D3FA73B4}.Release|Mixed Platforms.Build.0 = Release|Win32
		{189F18A0-D20C-49CD-A252-5152D3FA73B4}.Release|Win32.ActiveCfg = Release|Win32
		{189F18A0-D20C-49CD-A252-5152D3FA73B4}.Release|Win32.Build.0 = Release|Win32
		{073052EB-9C86-40E9-A634-1E64CC348FEA}.Debug|Any CPU.ActiveCfg = Debug|Win32
		{073052EB-9C86-40E9-A634-1E64CC348FEA}.Debug|Mixed Platforms.ActiveCfg = Debug|Win32
		{073052EB-9C86-40E9-A634-1E64CC348FEA}.Debug|Mixed Platforms.Build.0 = Debug|Win32
		{073052EB-9C86-40E9-A634-1E64CC348FEA}.Debug|Win32.ActiveCfg = Debug|Win32
		{073052EB-9C86-40E9-A634-1E64CC348FEA}.Debug|Win32.Build.0 = Debug|Win32
		{073052EB-9C86-40E9-A634-1E64CC348FEA}.Release|Any CPU.ActiveCfg = Release|Win32
		{073052EB-9C86-40E9-A634-1E64CC348FEA}.Release|Mixed Platforms.ActiveCfg = Release|Win32
		{073052EB-9C86-40E9-A634-1E64CC348FEA}.Release|Mixed Platforms.Build.0 = Release|Win32
		{073052EB-9C86-40E9-A634-1E64CC348FEA}.Release|Win32.ActiveCfg = Release|Win32
		{073052EB-9C86-40E9-A634-1E64CC348FEA}.Release|Win32.Build.0 = Release|Win32
		{FEE40E1E-5CAF-473E-80BE-071EB5D24421}.Debug|Any CPU.ActiveCfg = Debug|Win32
		{FEE40E1E-5CAF-473E-80BE-071EB5D24421}.Debug|Mixed Platforms.ActiveCfg = Debug|Win32
		{FEE40E1E-5CAF-473E-80BE-071EB5D24421}.Debug|Win32.ActiveCfg = Debug|Win32
		{FEE40E1E-5CAF-473E-80BE-071EB5D24421}.Release|Any CPU.ActiveCfg = Release|Win32
		{FEE40E1E-5CAF-473E-80BE-071EB5D24421}.Release|Mixed Platforms.ActiveCfg = Release|Win32
		{FEE40E1E-5CAF-473E-80BE-071EB5D24421}.Release|Win32.ActiveCfg = Release|Win32
		{23396BAC-B822-4F1A-A58C-12FB333A7BDB}.Debug|Any CPU.ActiveCfg = Debug|Win32
		{23396BAC-B822-4F1A-A58C-12FB333A7BDB}.Debug|Mixed Platforms.ActiveCfg = Debug|Win32
		{23396BAC-B822-4F1A-A58C-12FB333A7BDB}.Debug|Mixed Platforms.Build.0 = Debug|Win32
		{23396BAC-B822-4F1A-A58C-12FB333A7BDB}.Debug|Win32.ActiveCfg = Debug|Win32
		{23396BAC-B822-4F1A-A58C-12FB333A7BDB}.Debug|Win32.Build.0 = Debug|Win32
		{23396BAC-B822-4F1A-A58C-12FB333A7BDB}.Release|Any CPU.ActiveCfg = Release|Win32
		{23396BAC-B822-4F1A-A58C-12FB333A7BDB}.Release|Mixed Platforms.ActiveCfg = Release|Win32
		{23396BAC-B822-4F1A-A58C-12FB333A7BDB}.Release|Mixed Platforms.Build.0 = Release|Win32
		{23396BAC-B822-4F1A-A58C-12FB333A7BDB}.Release|Win32.ActiveCfg = Release|Win32
		{23396BAC-B822-4F1A-A58C-12FB333A7BDB}.Release|Win32.Build.0 = Release|Win32
	EndGlobalSection
	GlobalSection(SolutionProperties) = preSolution
		HideSolutionNode = FALSE
	EndGlobalSection
EndGlobal
