
Microsoft Visual Studio Solution File, Format Version 12.00
# Visual Studio Version 16
VisualStudioVersion = 16.0.30711.63
MinimumVisualStudioVersion = 10.0.40219.1
Project("{2150E333-8FDC-42A3-9474-1A3956D46DE8}") = "Solution Items", "Solution Items", "{8C7DB2C0-0669-4CD8-8A91-343AB13D5B79}"
	ProjectSection(SolutionItems) = preProject
		.gitignore = .gitignore
		CMakeLists.txt = CMakeLists.txt
		FindLZO.cmake = FindLZO.cmake
		History.txt = History.txt
		License.txt = License.txt
		ReadMe.txt = ReadMe.txt
	EndProjectSection
EndProject
Project("{8BC9CEB8-8B4A-11D0-8D11-00A0C91BC942}") = "test_ndx", "test_ndx\test_ndx.vcxproj", "{5238975B-DE47-4562-B4D5-FAB380392167}"
EndProject
Project("{8BC9CEB8-8B4A-11D0-8D11-00A0C91BC942}") = "nub", "nub.vcxproj", "{523C90C2-0068-4BE0-B618-BB7F70698E53}"
EndProject
Project("{8BC9CEB8-8B4A-11D0-8D11-00A0C91BC942}") = "test_res", "test_res\test_res.vcxproj", "{189F18A0-D20C-49CD-A252-5152D3FA73B4}"
EndProject
Project("{8BC9CEB8-8B4A-11D0-8D11-00A0C91BC942}") = "test_gen1000x16", "test_gen1000x16\test_gen1000x16.vcxproj", "{23396BAC-B822-4F1A-A58C-12FB333A7BDB}"
	ProjectSection(ProjectDependencies) = postProject
		{523C90C2-0068-4BE0-B618-BB7F70698E53} = {523C90C2-0068-4BE0-B618-BB7F70698E53}
	EndProjectSection
EndProject
Project("{8BC9CEB8-8B4A-11D0-8D11-00A0C91BC942}") = "arch_check", "arch_check\arch_check.vcxproj", "{1C896660-0131-4B08-A50D-285B4567A318}"
EndProject
Global
	GlobalSection(SolutionConfigurationPlatforms) = preSolution
		64-bit Debug|Any CPU = 64-bit Debug|Any CPU
		64-bit Debug|Mixed Platforms = 64-bit Debug|Mixed Platforms
		64-bit Debug|Win32 = 64-bit Debug|Win32
		64-bit Debug|x64 = 64-bit Debug|x64
		Debug|Any CPU = Debug|Any CPU
		Debug|Mixed Platforms = Debug|Mixed Platforms
		Debug|Win32 = Debug|Win32
		Debug|x64 = Debug|x64
		Release|Any CPU = Release|Any CPU
		Release|Mixed Platforms = Release|Mixed Platforms
		Release|Win32 = Release|Win32
		Release|x64 = Release|x64
	EndGlobalSection
	GlobalSection(ProjectConfigurationPlatforms) = postSolution
		{5238975B-DE47-4562-B4D5-FAB380392167}.64-bit Debug|Any CPU.ActiveCfg = 64-bit Debug|Win32
		{5238975B-DE47-4562-B4D5-FAB380392167}.64-bit Debug|Mixed Platforms.ActiveCfg = 64-bit Debug|Win32
		{5238975B-DE47-4562-B4D5-FAB380392167}.64-bit Debug|Mixed Platforms.Build.0 = 64-bit Debug|Win32
		{5238975B-DE47-4562-B4D5-FAB380392167}.64-bit Debug|Win32.ActiveCfg = 64-bit Debug|Win32
		{5238975B-DE47-4562-B4D5-FAB380392167}.64-bit Debug|Win32.Build.0 = 64-bit Debug|Win32
		{5238975B-DE47-4562-B4D5-FAB380392167}.64-bit Debug|x64.ActiveCfg = 64-bit Debug|x64
		{5238975B-DE47-4562-B4D5-FAB380392167}.64-bit Debug|x64.Build.0 = 64-bit Debug|x64
		{5238975B-DE47-4562-B4D5-FAB380392167}.Debug|Any CPU.ActiveCfg = Debug|Win32
		{5238975B-DE47-4562-B4D5-FAB380392167}.Debug|Mixed Platforms.ActiveCfg = Debug|Win32
		{5238975B-DE47-4562-B4D5-FAB380392167}.Debug|Mixed Platforms.Build.0 = Debug|Win32
		{5238975B-DE47-4562-B4D5-FAB380392167}.Debug|Win32.ActiveCfg = Debug|Win32
		{5238975B-DE47-4562-B4D5-FAB380392167}.Debug|Win32.Build.0 = Debug|Win32
		{5238975B-DE47-4562-B4D5-FAB380392167}.Debug|x64.ActiveCfg = Debug|x64
		{5238975B-DE47-4562-B4D5-FAB380392167}.Release|Any CPU.ActiveCfg = Release|Win32
		{5238975B-DE47-4562-B4D5-FAB380392167}.Release|Mixed Platforms.ActiveCfg = Release|Win32
		{5238975B-DE47-4562-B4D5-FAB380392167}.Release|Mixed Platforms.Build.0 = Release|Win32
		{5238975B-DE47-4562-B4D5-FAB380392167}.Release|Win32.ActiveCfg = Release|Win32
		{5238975B-DE47-4562-B4D5-FAB380392167}.Release|Win32.Build.0 = Release|Win32
		{5238975B-DE47-4562-B4D5-FAB380392167}.Release|x64.ActiveCfg = Release|x64
		{523C90C2-0068-4BE0-B618-BB7F70698E53}.64-bit Debug|Any CPU.ActiveCfg = 64-bit Debug|Win32
		{523C90C2-0068-4BE0-B618-BB7F70698E53}.64-bit Debug|Mixed Platforms.ActiveCfg = 64-bit Debug|Win32
		{523C90C2-0068-4BE0-B618-BB7F70698E53}.64-bit Debug|Mixed Platforms.Build.0 = 64-bit Debug|Win32
		{523C90C2-0068-4BE0-B618-BB7F70698E53}.64-bit Debug|Win32.ActiveCfg = 64-bit Debug|Win32
		{523C90C2-0068-4BE0-B618-BB7F70698E53}.64-bit Debug|Win32.Build.0 = 64-bit Debug|Win32
		{523C90C2-0068-4BE0-B618-BB7F70698E53}.64-bit Debug|x64.ActiveCfg = 64-bit Debug|x64
		{523C90C2-0068-4BE0-B618-BB7F70698E53}.64-bit Debug|x64.Build.0 = 64-bit Debug|x64
		{523C90C2-0068-4BE0-B618-BB7F70698E53}.Debug|Any CPU.ActiveCfg = Debug|Win32
		{523C90C2-0068-4BE0-B618-BB7F70698E53}.Debug|Mixed Platforms.ActiveCfg = Debug|Win32
		{523C90C2-0068-4BE0-B618-BB7F70698E53}.Debug|Mixed Platforms.Build.0 = Debug|Win32
		{523C90C2-0068-4BE0-B618-BB7F70698E53}.Debug|Win32.ActiveCfg = Debug|Win32
		{523C90C2-0068-4BE0-B618-BB7F70698E53}.Debug|Win32.Build.0 = Debug|Win32
		{523C90C2-0068-4BE0-B618-BB7F70698E53}.Debug|x64.ActiveCfg = Debug|x64
		{523C90C2-0068-4BE0-B618-BB7F70698E53}.Release|Any CPU.ActiveCfg = Release|Win32
		{523C90C2-0068-4BE0-B618-BB7F70698E53}.Release|Mixed Platforms.ActiveCfg = Release|Win32
		{523C90C2-0068-4BE0-B618-BB7F70698E53}.Release|Mixed Platforms.Build.0 = Release|Win32
		{523C90C2-0068-4BE0-B618-BB7F70698E53}.Release|Win32.ActiveCfg = Release|Win32
		{523C90C2-0068-4BE0-B618-BB7F70698E53}.Release|Win32.Build.0 = Release|Win32
		{523C90C2-0068-4BE0-B618-BB7F70698E53}.Release|x64.ActiveCfg = Release|x64
		{189F18A0-D20C-49CD-A252-5152D3FA73B4}.64-bit Debug|Any CPU.ActiveCfg = 64-bit Debug|Win32
		{189F18A0-D20C-49CD-A252-5152D3FA73B4}.64-bit Debug|Mixed Platforms.ActiveCfg = 64-bit Debug|Win32
		{189F18A0-D20C-49CD-A252-5152D3FA73B4}.64-bit Debug|Mixed Platforms.Build.0 = 64-bit Debug|Win32
		{189F18A0-D20C-49CD-A252-5152D3FA73B4}.64-bit Debug|Win32.ActiveCfg = 64-bit Debug|Win32
		{189F18A0-D20C-49CD-A252-5152D3FA73B4}.64-bit Debug|Win32.Build.0 = 64-bit Debug|Win32
		{189F18A0-D20C-49CD-A252-5152D3FA73B4}.64-bit Debug|x64.ActiveCfg = 64-bit Debug|x64
		{189F18A0-D20C-49CD-A252-5152D3FA73B4}.64-bit Debug|x64.Build.0 = 64-bit Debug|x64
		{189F18A0-D20C-49CD-A252-5152D3FA73B4}.Debug|Any CPU.ActiveCfg = Debug|Win32
		{189F18A0-D20C-49CD-A252-5152D3FA73B4}.Debug|Mixed Platforms.ActiveCfg = Debug|Win32
		{189F18A0-D20C-49CD-A252-5152D3FA73B4}.Debug|Mixed Platforms.Build.0 = Debug|Win32
		{189F18A0-D20C-49CD-A252-5152D3FA73B4}.Debug|Win32.ActiveCfg = Debug|Win32
		{189F18A0-D20C-49CD-A252-5152D3FA73B4}.Debug|Win32.Build.0 = Debug|Win32
		{189F18A0-D20C-49CD-A252-5152D3FA73B4}.Debug|x64.ActiveCfg = Debug|x64
		{189F18A0-D20C-49CD-A252-5152D3FA73B4}.Release|Any CPU.ActiveCfg = Release|Win32
		{189F18A0-D20C-49CD-A252-5152D3FA73B4}.Release|Mixed Platforms.ActiveCfg = Release|Win32
		{189F18A0-D20C-49CD-A252-5152D3FA73B4}.Release|Mixed Platforms.Build.0 = Release|Win32
		{189F18A0-D20C-49CD-A252-5152D3FA73B4}.Release|Win32.ActiveCfg = Release|Win32
		{189F18A0-D20C-49CD-A252-5152D3FA73B4}.Release|Win32.Build.0 = Release|Win32
		{189F18A0-D20C-49CD-A252-5152D3FA73B4}.Release|x64.ActiveCfg = Release|x64
		{23396BAC-B822-4F1A-A58C-12FB333A7BDB}.64-bit Debug|Any CPU.ActiveCfg = 64-bit Debug|Win32
		{23396BAC-B822-4F1A-A58C-12FB333A7BDB}.64-bit Debug|Mixed Platforms.ActiveCfg = 64-bit Debug|Win32
		{23396BAC-B822-4F1A-A58C-12FB333A7BDB}.64-bit Debug|Mixed Platforms.Build.0 = 64-bit Debug|Win32
		{23396BAC-B822-4F1A-A58C-12FB333A7BDB}.64-bit Debug|Win32.ActiveCfg = 64-bit Debug|Win32
		{23396BAC-B822-4F1A-A58C-12FB333A7BDB}.64-bit Debug|Win32.Build.0 = 64-bit Debug|Win32
		{23396BAC-B822-4F1A-A58C-12FB333A7BDB}.64-bit Debug|x64.ActiveCfg = 64-bit Debug|x64
		{23396BAC-B822-4F1A-A58C-12FB333A7BDB}.64-bit Debug|x64.Build.0 = 64-bit Debug|x64
		{23396BAC-B822-4F1A-A58C-12FB333A7BDB}.Debug|Any CPU.ActiveCfg = Debug|Win32
		{23396BAC-B822-4F1A-A58C-12FB333A7BDB}.Debug|Mixed Platforms.ActiveCfg = Debug|Win32
		{23396BAC-B822-4F1A-A58C-12FB333A7BDB}.Debug|Mixed Platforms.Build.0 = Debug|Win32
		{23396BAC-B822-4F1A-A58C-12FB333A7BDB}.Debug|Win32.ActiveCfg = Debug|Win32
		{23396BAC-B822-4F1A-A58C-12FB333A7BDB}.Debug|Win32.Build.0 = Debug|Win32
		{23396BAC-B822-4F1A-A58C-12FB333A7BDB}.Debug|x64.ActiveCfg = Debug|x64
		{23396BAC-B822-4F1A-A58C-12FB333A7BDB}.Release|Any CPU.ActiveCfg = Release|Win32
		{23396BAC-B822-4F1A-A58C-12FB333A7BDB}.Release|Mixed Platforms.ActiveCfg = Release|Win32
		{23396BAC-B822-4F1A-A58C-12FB333A7BDB}.Release|Mixed Platforms.Build.0 = Release|Win32
		{23396BAC-B822-4F1A-A58C-12FB333A7BDB}.Release|Win32.ActiveCfg = Release|Win32
		{23396BAC-B822-4F1A-A58C-12FB333A7BDB}.Release|Win32.Build.0 = Release|Win32
		{23396BAC-B822-4F1A-A58C-12FB333A7BDB}.Release|x64.ActiveCfg = Release|x64
		{1C896660-0131-4B08-A50D-285B4567A318}.64-bit Debug|Any CPU.ActiveCfg = 64-bit Debug|Win32
		{1C896660-0131-4B08-A50D-285B4567A318}.64-bit Debug|Mixed Platforms.ActiveCfg = 64-bit Debug|Win32
		{1C896660-0131-4B08-A50D-285B4567A318}.64-bit Debug|Mixed Platforms.Build.0 = 64-bit Debug|Win32
		{1C896660-0131-4B08-A50D-285B4567A318}.64-bit Debug|Win32.ActiveCfg = 64-bit Debug|Win32
		{1C896660-0131-4B08-A50D-285B4567A318}.64-bit Debug|Win32.Build.0 = 64-bit Debug|Win32
		{1C896660-0131-4B08-A50D-285B4567A318}.64-bit Debug|x64.ActiveCfg = 64-bit Debug|x64
		{1C896660-0131-4B08-A50D-285B4567A318}.64-bit Debug|x64.Build.0 = 64-bit Debug|x64
		{1C896660-0131-4B08-A50D-285B4567A318}.Debug|Any CPU.ActiveCfg = Debug|Win32
		{1C896660-0131-4B08-A50D-285B4567A318}.Debug|Mixed Platforms.ActiveCfg = Debug|Win32
		{1C896660-0131-4B08-A50D-285B4567A318}.Debug|Mixed Platforms.Build.0 = Debug|Win32
		{1C896660-0131-4B08-A50D-285B4567A318}.Debug|Win32.ActiveCfg = Debug|Win32
		{1C896660-0131-4B08-A50D-285B4567A318}.Debug|Win32.Build.0 = Debug|Win32
		{1C896660-0131-4B08-A50D-285B4567A318}.Debug|x64.ActiveCfg = Debug|x64
		{1C896660-0131-4B08-A50D-285B4567A318}.Release|Any CPU.ActiveCfg = Release|Win32
		{1C896660-0131-4B08-A50D-285B4567A318}.Release|Mixed Platforms.ActiveCfg = Release|Win32
		{1C896660-0131-4B08-A50D-285B4567A318}.Release|Mixed Platforms.Build.0 = Release|Win32
		{1C896660-0131-4B08-A50D-285B4567A318}.Release|Win32.ActiveCfg = Release|Win32
		{1C896660-0131-4B08-A50D-285B4567A318}.Release|Win32.Build.0 = Release|Win32
		{1C896660-0131-4B08-A50D-285B4567A318}.Release|x64.ActiveCfg = Release|x64
	EndGlobalSection
	GlobalSection(SolutionProperties) = preSolution
		HideSolutionNode = FALSE
	EndGlobalSection
	GlobalSection(ExtensibilityGlobals) = postSolution
		SolutionGuid = {0D4C1D60-A690-421D-BB62-EE0DB84B6377}
	EndGlobalSection
EndGlobal
